
Microsoft Visual Studio Solution File, Format Version 12.00
# Visual Studio Version 17
VisualStudioVersion = 17.1.32414.318
MinimumVisualStudioVersion = 10.0.40219.1
Project("{FAE04EC0-301F-11D3-BF4B-00C04F79EFBC}") = "JsonToClass", "JsonToClass\JsonToClass.csproj", "{F435534A-1C56-43E5-9A29-FD6B17CFD452}"
EndProject
Global
	GlobalSection(SolutionConfigurationPlatforms) = preSolution
		Debug|Any CPU = Debug|Any CPU
		Release|Any CPU = Release|Any CPU
	EndGlobalSection
	GlobalSection(ProjectConfigurationPlatforms) = postSolution
		{F435534A-1C56-43E5-9A29-FD6B17CFD452}.Debug|Any CPU.ActiveCfg = Debug|Any CPU
		{F435534A-1C56-43E5-9A29-FD6B17CFD452}.Debug|Any CPU.Build.0 = Debug|Any CPU
		{F435534A-1C56-43E5-9A29-FD6B17CFD452}.Release|Any CPU.ActiveCfg = Release|Any CPU
		{F435534A-1C56-43E5-9A29-FD6B17CFD452}.Release|Any CPU.Build.0 = Release|Any CPU
	EndGlobalSection
	GlobalSection(SolutionProperties) = preSolution
		HideSolutionNode = FALSE
	EndGlobalSection
	GlobalSection(ExtensibilityGlobals) = postSolution
		SolutionGuid = {66508DEC-C1A0-45A4-8801-228366AD1D93}
	EndGlobalSection
EndGlobal
